// !$*UTF8*$!
{
	archiveVersion = 1;
	classes = {
	};
	objectVersion = 56;
	objects = {

/* Begin PBXBuildFile section */
		CE0FBC7D29D7FA0A00E9678A /* DataManager.swift in Sources */ = {isa = PBXBuildFile; fileRef = CE0FBC7C29D7FA0A00E9678A /* DataManager.swift */; };
		CE1DB81C29D6C53200A77B77 /* SwiftUIView.swift in Sources */ = {isa = PBXBuildFile; fileRef = CE1DB81B29D6C53200A77B77 /* SwiftUIView.swift */; };
		CE1DB81E29D70A0800A77B77 /* TextModifiers.swift in Sources */ = {isa = PBXBuildFile; fileRef = CE1DB81D29D70A0800A77B77 /* TextModifiers.swift */; };
		CE2D092F29D4673100D0FEE4 /* SelectAudio.swift in Sources */ = {isa = PBXBuildFile; fileRef = CE2D092E29D4673100D0FEE4 /* SelectAudio.swift */; };
		CE2D093229D4722100D0FEE4 /* Щелчок 1.mp3 in Resources */ = {isa = PBXBuildFile; fileRef = CE2D093129D4722100D0FEE4 /* Щелчок 1.mp3 */; };
		CE2D093429D4722B00D0FEE4 /* Щелчок 2.mp3 in Resources */ = {isa = PBXBuildFile; fileRef = CE2D093329D4722B00D0FEE4 /* Щелчок 2.mp3 */; };
		CE554BDC29D32502004D6222 /* AlphabetRus.swift in Sources */ = {isa = PBXBuildFile; fileRef = CE554BDB29D32502004D6222 /* AlphabetRus.swift */; };
		CE554BDF29D32539004D6222 /* Model.swift in Sources */ = {isa = PBXBuildFile; fileRef = CE554BDE29D32539004D6222 /* Model.swift */; };
		CE554BE329D32563004D6222 /* AlphabetEn.swift in Sources */ = {isa = PBXBuildFile; fileRef = CE554BE229D32563004D6222 /* AlphabetEn.swift */; };
		CE554BE529D32573004D6222 /* FlagView.swift in Sources */ = {isa = PBXBuildFile; fileRef = CE554BE429D32573004D6222 /* FlagView.swift */; };
		CE554BE729D32583004D6222 /* MathView.swift in Sources */ = {isa = PBXBuildFile; fileRef = CE554BE629D32583004D6222 /* MathView.swift */; };
		CE554BE929D32588004D6222 /* AnswerButton.swift in Sources */ = {isa = PBXBuildFile; fileRef = CE554BE829D32588004D6222 /* AnswerButton.swift */; };
		CE70A38429D3213D00DEB45F /* SimpleGameApp.swift in Sources */ = {isa = PBXBuildFile; fileRef = CE70A38329D3213D00DEB45F /* SimpleGameApp.swift */; };
		CE70A38629D3213D00DEB45F /* Persistence.swift in Sources */ = {isa = PBXBuildFile; fileRef = CE70A38529D3213D00DEB45F /* Persistence.swift */; };
		CE70A38929D3213D00DEB45F /* SimpleGame.xcdatamodeld in Sources */ = {isa = PBXBuildFile; fileRef = CE70A38729D3213D00DEB45F /* SimpleGame.xcdatamodeld */; };
		CE70A38D29D3213E00DEB45F /* Assets.xcassets in Resources */ = {isa = PBXBuildFile; fileRef = CE70A38C29D3213E00DEB45F /* Assets.xcassets */; };
		CE70A39129D3213E00DEB45F /* Preview Assets.xcassets in Resources */ = {isa = PBXBuildFile; fileRef = CE70A39029D3213E00DEB45F /* Preview Assets.xcassets */; };
		CE9DA65E29D59E54005A1E51 /* Капля 1.mp3 in Resources */ = {isa = PBXBuildFile; fileRef = CE9DA65D29D59E54005A1E51 /* Капля 1.mp3 */; };
		CE9DA66229D59E69005A1E51 /* Пузырь 1.mp3 in Resources */ = {isa = PBXBuildFile; fileRef = CE9DA66129D59E69005A1E51 /* Пузырь 1.mp3 */; };
		CE9DA66429D59E73005A1E51 /* Капля 2.mp3 in Resources */ = {isa = PBXBuildFile; fileRef = CE9DA66329D59E73005A1E51 /* Капля 2.mp3 */; };
		CEF3E4B329D3316200976396 /* SettingsView.swift in Sources */ = {isa = PBXBuildFile; fileRef = CE554C2629D3305E004D6222 /* SettingsView.swift */; };
		CEFA61A629D6BB8000135E78 /* WelcomeView.swift in Sources */ = {isa = PBXBuildFile; fileRef = CEFA61A529D6BB8000135E78 /* WelcomeView.swift */; };
/* End PBXBuildFile section */

/* Begin PBXFileReference section */
		CE0FBC7C29D7FA0A00E9678A /* DataManager.swift */ = {isa = PBXFileReference; lastKnownFileType = sourcecode.swift; path = DataManager.swift; sourceTree = "<group>"; };
		CE1DB81B29D6C53200A77B77 /* SwiftUIView.swift */ = {isa = PBXFileReference; lastKnownFileType = sourcecode.swift; path = SwiftUIView.swift; sourceTree = "<group>"; };
		CE1DB81D29D70A0800A77B77 /* TextModifiers.swift */ = {isa = PBXFileReference; lastKnownFileType = sourcecode.swift; path = TextModifiers.swift; sourceTree = "<group>"; };
		CE2D092E29D4673100D0FEE4 /* SelectAudio.swift */ = {isa = PBXFileReference; lastKnownFileType = sourcecode.swift; path = SelectAudio.swift; sourceTree = "<group>"; };
		CE2D093129D4722100D0FEE4 /* Щелчок 1.mp3 */ = {isa = PBXFileReference; lastKnownFileType = audio.mp3; path = "Щелчок 1.mp3"; sourceTree = "<group>"; };
		CE2D093329D4722B00D0FEE4 /* Щелчок 2.mp3 */ = {isa = PBXFileReference; lastKnownFileType = audio.mp3; path = "Щелчок 2.mp3"; sourceTree = "<group>"; };
		CE554BDB29D32502004D6222 /* AlphabetRus.swift */ = {isa = PBXFileReference; fileEncoding = 4; lastKnownFileType = sourcecode.swift; path = AlphabetRus.swift; sourceTree = "<group>"; };
		CE554BDE29D32539004D6222 /* Model.swift */ = {isa = PBXFileReference; fileEncoding = 4; lastKnownFileType = sourcecode.swift; path = Model.swift; sourceTree = "<group>"; };
		CE554BE229D32563004D6222 /* AlphabetEn.swift */ = {isa = PBXFileReference; fileEncoding = 4; lastKnownFileType = sourcecode.swift; path = AlphabetEn.swift; sourceTree = "<group>"; };
		CE554BE429D32573004D6222 /* FlagView.swift */ = {isa = PBXFileReference; fileEncoding = 4; lastKnownFileType = sourcecode.swift; path = FlagView.swift; sourceTree = "<group>"; };
		CE554BE629D32583004D6222 /* MathView.swift */ = {isa = PBXFileReference; fileEncoding = 4; lastKnownFileType = sourcecode.swift; path = MathView.swift; sourceTree = "<group>"; };
		CE554BE829D32588004D6222 /* AnswerButton.swift */ = {isa = PBXFileReference; fileEncoding = 4; lastKnownFileType = sourcecode.swift; path = AnswerButton.swift; sourceTree = "<group>"; };
		CE554C2629D3305E004D6222 /* SettingsView.swift */ = {isa = PBXFileReference; lastKnownFileType = sourcecode.swift; path = SettingsView.swift; sourceTree = "<group>"; };
		CE70A38029D3213D00DEB45F /* 4Games.app */ = {isa = PBXFileReference; explicitFileType = wrapper.application; includeInIndex = 0; path = 4Games.app; sourceTree = BUILT_PRODUCTS_DIR; };
		CE70A38329D3213D00DEB45F /* SimpleGameApp.swift */ = {isa = PBXFileReference; lastKnownFileType = sourcecode.swift; path = SimpleGameApp.swift; sourceTree = "<group>"; };
		CE70A38529D3213D00DEB45F /* Persistence.swift */ = {isa = PBXFileReference; lastKnownFileType = sourcecode.swift; path = Persistence.swift; sourceTree = "<group>"; };
		CE70A38829D3213D00DEB45F /* SimpleGame.xcdatamodel */ = {isa = PBXFileReference; lastKnownFileType = wrapper.xcdatamodel; path = SimpleGame.xcdatamodel; sourceTree = "<group>"; };
		CE70A38C29D3213E00DEB45F /* Assets.xcassets */ = {isa = PBXFileReference; lastKnownFileType = folder.assetcatalog; path = Assets.xcassets; sourceTree = "<group>"; };
		CE70A38E29D3213E00DEB45F /* SimpleGame.entitlements */ = {isa = PBXFileReference; lastKnownFileType = text.plist.entitlements; path = SimpleGame.entitlements; sourceTree = "<group>"; };
		CE70A39029D3213E00DEB45F /* Preview Assets.xcassets */ = {isa = PBXFileReference; lastKnownFileType = folder.assetcatalog; path = "Preview Assets.xcassets"; sourceTree = "<group>"; };
		CE9DA65D29D59E54005A1E51 /* Капля 1.mp3 */ = {isa = PBXFileReference; lastKnownFileType = audio.mp3; path = "Капля 1.mp3"; sourceTree = "<group>"; };
		CE9DA66129D59E69005A1E51 /* Пузырь 1.mp3 */ = {isa = PBXFileReference; lastKnownFileType = audio.mp3; path = "Пузырь 1.mp3"; sourceTree = "<group>"; };
		CE9DA66329D59E73005A1E51 /* Капля 2.mp3 */ = {isa = PBXFileReference; lastKnownFileType = audio.mp3; path = "Капля 2.mp3"; sourceTree = "<group>"; };
		CEFA61A529D6BB8000135E78 /* WelcomeView.swift */ = {isa = PBXFileReference; lastKnownFileType = sourcecode.swift; path = WelcomeView.swift; sourceTree = "<group>"; };
/* End PBXFileReference section */

/* Begin PBXFrameworksBuildPhase section */
		CE70A37D29D3213D00DEB45F /* Frameworks */ = {
			isa = PBXFrameworksBuildPhase;
			buildActionMask = 2147483647;
			files = (
			);
			runOnlyForDeploymentPostprocessing = 0;
		};
/* End PBXFrameworksBuildPhase section */

/* Begin PBXGroup section */
		CE2D093029D471EB00D0FEE4 /* Sounds */ = {
			isa = PBXGroup;
			children = (
				CE2D093129D4722100D0FEE4 /* Щелчок 1.mp3 */,
				CE2D093329D4722B00D0FEE4 /* Щелчок 2.mp3 */,
				CE9DA66329D59E73005A1E51 /* Капля 2.mp3 */,
				CE9DA66129D59E69005A1E51 /* Пузырь 1.mp3 */,
				CE9DA65D29D59E54005A1E51 /* Капля 1.mp3 */,
			);
			path = Sounds;
			sourceTree = "<group>";
		};
		CE554C1A29D3286E004D6222 /* Math */ = {
			isa = PBXGroup;
			children = (
				CE554BE629D32583004D6222 /* MathView.swift */,
				CE554BE829D32588004D6222 /* AnswerButton.swift */,
			);
			path = Math;
			sourceTree = "<group>";
		};
		CE554C1B29D3287F004D6222 /* Alphabet */ = {
			isa = PBXGroup;
			children = (
				CE554BDB29D32502004D6222 /* AlphabetRus.swift */,
				CE554BE229D32563004D6222 /* AlphabetEn.swift */,
				CE554BDE29D32539004D6222 /* Model.swift */,
			);
			path = Alphabet;
			sourceTree = "<group>";
		};
		CE554C1D29D32949004D6222 /* Flag */ = {
			isa = PBXGroup;
			children = (
				CE554BE429D32573004D6222 /* FlagView.swift */,
				CE0FBC7C29D7FA0A00E9678A /* DataManager.swift */,
			);
			path = Flag;
			sourceTree = "<group>";
		};
		CE70A37729D3213D00DEB45F = {
			isa = PBXGroup;
			children = (
				CE70A38229D3213D00DEB45F /* SimpleGame */,
				CE70A38129D3213D00DEB45F /* Products */,
			);
			sourceTree = "<group>";
		};
		CE70A38129D3213D00DEB45F /* Products */ = {
			isa = PBXGroup;
			children = (
				CE70A38029D3213D00DEB45F /* 4Games.app */,
			);
			name = Products;
			sourceTree = "<group>";
		};
		CE70A38229D3213D00DEB45F /* SimpleGame */ = {
			isa = PBXGroup;
			children = (
				CE70A38329D3213D00DEB45F /* SimpleGameApp.swift */,
				CEFA61A529D6BB8000135E78 /* WelcomeView.swift */,
				CEF3E4B529D331A200976396 /* Settings */,
				CE554C1B29D3287F004D6222 /* Alphabet */,
				CE554C1A29D3286E004D6222 /* Math */,
				CE554C1D29D32949004D6222 /* Flag */,
				CE70A38529D3213D00DEB45F /* Persistence.swift */,
				CE1DB81B29D6C53200A77B77 /* SwiftUIView.swift */,
				CE2D093029D471EB00D0FEE4 /* Sounds */,
				CE70A38C29D3213E00DEB45F /* Assets.xcassets */,
				CE70A38E29D3213E00DEB45F /* SimpleGame.entitlements */,
				CE70A38729D3213D00DEB45F /* SimpleGame.xcdatamodeld */,
				CE70A38F29D3213E00DEB45F /* Preview Content */,
			);
			path = SimpleGame;
			sourceTree = "<group>";
		};
		CE70A38F29D3213E00DEB45F /* Preview Content */ = {
			isa = PBXGroup;
			children = (
				CE70A39029D3213E00DEB45F /* Preview Assets.xcassets */,
			);
			path = "Preview Content";
			sourceTree = "<group>";
		};
		CEF3E4B529D331A200976396 /* Settings */ = {
			isa = PBXGroup;
			children = (
				CE554C2629D3305E004D6222 /* SettingsView.swift */,
				CE2D092E29D4673100D0FEE4 /* SelectAudio.swift */,
				CE1DB81D29D70A0800A77B77 /* TextModifiers.swift */,
			);
			path = Settings;
			sourceTree = "<group>";
		};
/* End PBXGroup section */

/* Begin PBXNativeTarget section */
		CE70A37F29D3213D00DEB45F /* 4Games */ = {
			isa = PBXNativeTarget;
			buildConfigurationList = CE70A39429D3213E00DEB45F /* Build configuration list for PBXNativeTarget "4Games" */;
			buildPhases = (
				CE70A37C29D3213D00DEB45F /* Sources */,
				CE70A37D29D3213D00DEB45F /* Frameworks */,
				CE70A37E29D3213D00DEB45F /* Resources */,
			);
			buildRules = (
			);
			dependencies = (
			);
			name = 4Games;
			productName = SimpleGame;
			productReference = CE70A38029D3213D00DEB45F /* 4Games.app */;
			productType = "com.apple.product-type.application";
		};
/* End PBXNativeTarget section */

/* Begin PBXProject section */
		CE70A37829D3213D00DEB45F /* Project object */ = {
			isa = PBXProject;
			attributes = {
				BuildIndependentTargetsInParallel = 1;
				LastSwiftUpdateCheck = 1420;
				LastUpgradeCheck = 1420;
				TargetAttributes = {
					CE70A37F29D3213D00DEB45F = {
						CreatedOnToolsVersion = 14.2;
					};
				};
			};
			buildConfigurationList = CE70A37B29D3213D00DEB45F /* Build configuration list for PBXProject "4Games" */;
			compatibilityVersion = "Xcode 14.0";
			developmentRegion = en;
			hasScannedForEncodings = 0;
			knownRegions = (
				en,
				Base,
			);
			mainGroup = CE70A37729D3213D00DEB45F;
			productRefGroup = CE70A38129D3213D00DEB45F /* Products */;
			projectDirPath = "";
			projectRoot = "";
			targets = (
				CE70A37F29D3213D00DEB45F /* 4Games */,
			);
		};
/* End PBXProject section */

/* Begin PBXResourcesBuildPhase section */
		CE70A37E29D3213D00DEB45F /* Resources */ = {
			isa = PBXResourcesBuildPhase;
			buildActionMask = 2147483647;
			files = (
				CE9DA66229D59E69005A1E51 /* Пузырь 1.mp3 in Resources */,
				CE70A39129D3213E00DEB45F /* Preview Assets.xcassets in Resources */,
				CE2D093429D4722B00D0FEE4 /* Щелчок 2.mp3 in Resources */,
				CE9DA65E29D59E54005A1E51 /* Капля 1.mp3 in Resources */,
				CE2D093229D4722100D0FEE4 /* Щелчок 1.mp3 in Resources */,
				CE70A38D29D3213E00DEB45F /* Assets.xcassets in Resources */,
				CE9DA66429D59E73005A1E51 /* Капля 2.mp3 in Resources */,
			);
			runOnlyForDeploymentPostprocessing = 0;
		};
/* End PBXResourcesBuildPhase section */

/* Begin PBXSourcesBuildPhase section */
		CE70A37C29D3213D00DEB45F /* Sources */ = {
			isa = PBXSourcesBuildPhase;
			buildActionMask = 2147483647;
			files = (
				CE1DB81C29D6C53200A77B77 /* SwiftUIView.swift in Sources */,
				CE0FBC7D29D7FA0A00E9678A /* DataManager.swift in Sources */,
				CE1DB81E29D70A0800A77B77 /* TextModifiers.swift in Sources */,
				CE70A38929D3213D00DEB45F /* SimpleGame.xcdatamodeld in Sources */,
				CE70A38429D3213D00DEB45F /* SimpleGameApp.swift in Sources */,
				CE554BDC29D32502004D6222 /* AlphabetRus.swift in Sources */,
				CE554BE929D32588004D6222 /* AnswerButton.swift in Sources */,
				CE554BDF29D32539004D6222 /* Model.swift in Sources */,
				CE554BE729D32583004D6222 /* MathView.swift in Sources */,
				CE554BE529D32573004D6222 /* FlagView.swift in Sources */,
				CE554BE329D32563004D6222 /* AlphabetEn.swift in Sources */,
				CE2D092F29D4673100D0FEE4 /* SelectAudio.swift in Sources */,
				CE70A38629D3213D00DEB45F /* Persistence.swift in Sources */,
				CEF3E4B329D3316200976396 /* SettingsView.swift in Sources */,
				CEFA61A629D6BB8000135E78 /* WelcomeView.swift in Sources */,
			);
			runOnlyForDeploymentPostprocessing = 0;
		};
/* End PBXSourcesBuildPhase section */

/* Begin XCBuildConfiguration section */
		CE70A39229D3213E00DEB45F /* Debug */ = {
			isa = XCBuildConfiguration;
			buildSettings = {
				ALWAYS_SEARCH_USER_PATHS = NO;
				CLANG_ANALYZER_NONNULL = YES;
				CLANG_ANALYZER_NUMBER_OBJECT_CONVERSION = YES_AGGRESSIVE;
				CLANG_CXX_LANGUAGE_STANDARD = "gnu++20";
				CLANG_ENABLE_MODULES = YES;
				CLANG_ENABLE_OBJC_ARC = YES;
				CLANG_ENABLE_OBJC_WEAK = YES;
				CLANG_WARN_BLOCK_CAPTURE_AUTORELEASING = YES;
				CLANG_WARN_BOOL_CONVERSION = YES;
				CLANG_WARN_COMMA = YES;
				CLANG_WARN_CONSTANT_CONVERSION = YES;
				CLANG_WARN_DEPRECATED_OBJC_IMPLEMENTATIONS = YES;
				CLANG_WARN_DIRECT_OBJC_ISA_USAGE = YES_ERROR;
				CLANG_WARN_DOCUMENTATION_COMMENTS = YES;
				CLANG_WARN_EMPTY_BODY = YES;
				CLANG_WARN_ENUM_CONVERSION = YES;
				CLANG_WARN_INFINITE_RECURSION = YES;
				CLANG_WARN_INT_CONVERSION = YES;
				CLANG_WARN_NON_LITERAL_NULL_CONVERSION = YES;
				CLANG_WARN_OBJC_IMPLICIT_RETAIN_SELF = YES;
				CLANG_WARN_OBJC_LITERAL_CONVERSION = YES;
				CLANG_WARN_OBJC_ROOT_CLASS = YES_ERROR;
				CLANG_WARN_QUOTED_INCLUDE_IN_FRAMEWORK_HEADER = YES;
				CLANG_WARN_RANGE_LOOP_ANALYSIS = YES;
				CLANG_WARN_STRICT_PROTOTYPES = YES;
				CLANG_WARN_SUSPICIOUS_MOVE = YES;
				CLANG_WARN_UNGUARDED_AVAILABILITY = YES_AGGRESSIVE;
				CLANG_WARN_UNREACHABLE_CODE = YES;
				CLANG_WARN__DUPLICATE_METHOD_MATCH = YES;
				COPY_PHASE_STRIP = NO;
				DEBUG_INFORMATION_FORMAT = dwarf;
				ENABLE_STRICT_OBJC_MSGSEND = YES;
				ENABLE_TESTABILITY = YES;
				GCC_C_LANGUAGE_STANDARD = gnu11;
				GCC_DYNAMIC_NO_PIC = NO;
				GCC_NO_COMMON_BLOCKS = YES;
				GCC_OPTIMIZATION_LEVEL = 0;
				GCC_PREPROCESSOR_DEFINITIONS = (
					"DEBUG=1",
					"$(inherited)",
				);
				GCC_WARN_64_TO_32_BIT_CONVERSION = YES;
				GCC_WARN_ABOUT_RETURN_TYPE = YES_ERROR;
				GCC_WARN_UNDECLARED_SELECTOR = YES;
				GCC_WARN_UNINITIALIZED_AUTOS = YES_AGGRESSIVE;
				GCC_WARN_UNUSED_FUNCTION = YES;
				GCC_WARN_UNUSED_VARIABLE = YES;
				MTL_ENABLE_DEBUG_INFO = INCLUDE_SOURCE;
				MTL_FAST_MATH = YES;
				ONLY_ACTIVE_ARCH = YES;
				SWIFT_ACTIVE_COMPILATION_CONDITIONS = DEBUG;
				SWIFT_OPTIMIZATION_LEVEL = "-Onone";
			};
			name = Debug;
		};
		CE70A39329D3213E00DEB45F /* Release */ = {
			isa = XCBuildConfiguration;
			buildSettings = {
				ALWAYS_SEARCH_USER_PATHS = NO;
				CLANG_ANALYZER_NONNULL = YES;
				CLANG_ANALYZER_NUMBER_OBJECT_CONVERSION = YES_AGGRESSIVE;
				CLANG_CXX_LANGUAGE_STANDARD = "gnu++20";
				CLANG_ENABLE_MODULES = YES;
				CLANG_ENABLE_OBJC_ARC = YES;
				CLANG_ENABLE_OBJC_WEAK = YES;
				CLANG_WARN_BLOCK_CAPTURE_AUTORELEASING = YES;
				CLANG_WARN_BOOL_CONVERSION = YES;
				CLANG_WARN_COMMA = YES;
				CLANG_WARN_CONSTANT_CONVERSION = YES;
				CLANG_WARN_DEPRECATED_OBJC_IMPLEMENTATIONS = YES;
				CLANG_WARN_DIRECT_OBJC_ISA_USAGE = YES_ERROR;
				CLANG_WARN_DOCUMENTATION_COMMENTS = YES;
				CLANG_WARN_EMPTY_BODY = YES;
				CLANG_WARN_ENUM_CONVERSION = YES;
				CLANG_WARN_INFINITE_RECURSION = YES;
				CLANG_WARN_INT_CONVERSION = YES;
				CLANG_WARN_NON_LITERAL_NULL_CONVERSION = YES;
				CLANG_WARN_OBJC_IMPLICIT_RETAIN_SELF = YES;
				CLANG_WARN_OBJC_LITERAL_CONVERSION = YES;
				CLANG_WARN_OBJC_ROOT_CLASS = YES_ERROR;
				CLANG_WARN_QUOTED_INCLUDE_IN_FRAMEWORK_HEADER = YES;
				CLANG_WARN_RANGE_LOOP_ANALYSIS = YES;
				CLANG_WARN_STRICT_PROTOTYPES = YES;
				CLANG_WARN_SUSPICIOUS_MOVE = YES;
				CLANG_WARN_UNGUARDED_AVAILABILITY = YES_AGGRESSIVE;
				CLANG_WARN_UNREACHABLE_CODE = YES;
				CLANG_WARN__DUPLICATE_METHOD_MATCH = YES;
				COPY_PHASE_STRIP = NO;
				DEBUG_INFORMATION_FORMAT = "dwarf-with-dsym";
				ENABLE_NS_ASSERTIONS = NO;
				ENABLE_STRICT_OBJC_MSGSEND = YES;
				GCC_C_LANGUAGE_STANDARD = gnu11;
				GCC_NO_COMMON_BLOCKS = YES;
				GCC_WARN_64_TO_32_BIT_CONVERSION = YES;
				GCC_WARN_ABOUT_RETURN_TYPE = YES_ERROR;
				GCC_WARN_UNDECLARED_SELECTOR = YES;
				GCC_WARN_UNINITIALIZED_AUTOS = YES_AGGRESSIVE;
				GCC_WARN_UNUSED_FUNCTION = YES;
				GCC_WARN_UNUSED_VARIABLE = YES;
				MTL_ENABLE_DEBUG_INFO = NO;
				MTL_FAST_MATH = YES;
				SWIFT_COMPILATION_MODE = wholemodule;
				SWIFT_OPTIMIZATION_LEVEL = "-O";
			};
			name = Release;
		};
		CE70A39529D3213E00DEB45F /* Debug */ = {
			isa = XCBuildConfiguration;
			buildSettings = {
				ASSETCATALOG_COMPILER_APPICON_NAME = AppIcon;
				ASSETCATALOG_COMPILER_GLOBAL_ACCENT_COLOR_NAME = AccentColor;
				CODE_SIGN_ENTITLEMENTS = SimpleGame/SimpleGame.entitlements;
				CODE_SIGN_STYLE = Automatic;
				CURRENT_PROJECT_VERSION = 1;
				DEVELOPMENT_ASSET_PATHS = "\"SimpleGame/Preview Content\"";
				DEVELOPMENT_TEAM = T59UNF3D6N;
				ENABLE_HARDENED_RUNTIME = YES;
				ENABLE_PREVIEWS = YES;
				GENERATE_INFOPLIST_FILE = YES;
				"INFOPLIST_KEY_UIApplicationSceneManifest_Generation[sdk=iphoneos*]" = YES;
				"INFOPLIST_KEY_UIApplicationSceneManifest_Generation[sdk=iphonesimulator*]" = YES;
				"INFOPLIST_KEY_UIApplicationSupportsIndirectInputEvents[sdk=iphoneos*]" = YES;
				"INFOPLIST_KEY_UIApplicationSupportsIndirectInputEvents[sdk=iphonesimulator*]" = YES;
				"INFOPLIST_KEY_UILaunchScreen_Generation[sdk=iphoneos*]" = YES;
				"INFOPLIST_KEY_UILaunchScreen_Generation[sdk=iphonesimulator*]" = YES;
				"INFOPLIST_KEY_UIStatusBarStyle[sdk=iphoneos*]" = UIStatusBarStyleDefault;
				"INFOPLIST_KEY_UIStatusBarStyle[sdk=iphonesimulator*]" = UIStatusBarStyleDefault;
				INFOPLIST_KEY_UISupportedInterfaceOrientations = UIInterfaceOrientationPortrait;
				INFOPLIST_KEY_UISupportedInterfaceOrientations_iPad = "UIInterfaceOrientationLandscapeLeft UIInterfaceOrientationLandscapeRight UIInterfaceOrientationPortrait UIInterfaceOrientationPortraitUpsideDown";
				IPHONEOS_DEPLOYMENT_TARGET = 15.0;
				LD_RUNPATH_SEARCH_PATHS = "@executable_path/Frameworks";
				"LD_RUNPATH_SEARCH_PATHS[sdk=macosx*]" = "@executable_path/../Frameworks";
				MACOSX_DEPLOYMENT_TARGET = 13.1;
				MARKETING_VERSION = 1.0;
				PRODUCT_BUNDLE_IDENTIFIER = none.SimpleGame;
				PRODUCT_NAME = "$(TARGET_NAME)";
				SDKROOT = auto;
				SUPPORTED_PLATFORMS = "iphoneos iphonesimulator";
				SUPPORTS_MACCATALYST = NO;
				SUPPORTS_MAC_DESIGNED_FOR_IPHONE_IPAD = NO;
				SWIFT_EMIT_LOC_STRINGS = YES;
				SWIFT_VERSION = 5.0;
				TARGETED_DEVICE_FAMILY = 1;
			};
			name = Debug;
		};
		CE70A39629D3213E00DEB45F /* Release */ = {
			isa = XCBuildConfiguration;
			buildSettings = {
				ASSETCATALOG_COMPILER_APPICON_NAME = AppIcon;
				ASSETCATALOG_COMPILER_GLOBAL_ACCENT_COLOR_NAME = AccentColor;
				CODE_SIGN_ENTITLEMENTS = SimpleGame/SimpleGame.entitlements;
				CODE_SIGN_STYLE = Automatic;
				CURRENT_PROJECT_VERSION = 1;
				DEVELOPMENT_ASSET_PATHS = "\"SimpleGame/Preview Content\"";
				DEVELOPMENT_TEAM = T59UNF3D6N;
				ENABLE_HARDENED_RUNTIME = YES;
				ENABLE_PREVIEWS = YES;
				GENERATE_INFOPLIST_FILE = YES;
				"INFOPLIST_KEY_UIApplicationSceneManifest_Generation[sdk=iphoneos*]" = YES;
				"INFOPLIST_KEY_UIApplicationSceneManifest_Generation[sdk=iphonesimulator*]" = YES;
				"INFOPLIST_KEY_UIApplicationSupportsIndirectInputEvents[sdk=iphoneos*]" = YES;
				"INFOPLIST_KEY_UIApplicationSupportsIndirectInputEvents[sdk=iphonesimulator*]" = YES;
				"INFOPLIST_KEY_UILaunchScreen_Generation[sdk=iphoneos*]" = YES;
				"INFOPLIST_KEY_UILaunchScreen_Generation[sdk=iphonesimulator*]" = YES;
				"INFOPLIST_KEY_UIStatusBarStyle[sdk=iphoneos*]" = UIStatusBarStyleDefault;
				"INFOPLIST_KEY_UIStatusBarStyle[sdk=iphonesimulator*]" = UIStatusBarStyleDefault;
				INFOPLIST_KEY_UISupportedInterfaceOrientations = UIInterfaceOrientationPortrait;
				INFOPLIST_KEY_UISupportedInterfaceOrientations_iPad = "UIInterfaceOrientationLandscapeLeft UIInterfaceOrientationLandscapeRight UIInterfaceOrientationPortrait UIInterfaceOrientationPortraitUpsideDown";
				IPHONEOS_DEPLOYMENT_TARGET = 15.0;
				LD_RUNPATH_SEARCH_PATHS = "@executable_path/Frameworks";
				"LD_RUNPATH_SEARCH_PATHS[sdk=macosx*]" = "@executable_path/../Frameworks";
				MACOSX_DEPLOYMENT_TARGET = 13.1;
				MARKETING_VERSION = 1.0;
				PRODUCT_BUNDLE_IDENTIFIER = none.SimpleGame;
				PRODUCT_NAME = "$(TARGET_NAME)";
				SDKROOT = auto;
				SUPPORTED_PLATFORMS = "iphoneos iphonesimulator";
				SUPPORTS_MACCATALYST = NO;
				SUPPORTS_MAC_DESIGNED_FOR_IPHONE_IPAD = NO;
				SWIFT_EMIT_LOC_STRINGS = YES;
				SWIFT_VERSION = 5.0;
				TARGETED_DEVICE_FAMILY = 1;
			};
			name = Release;
		};
/* End XCBuildConfiguration section */

/* Begin XCConfigurationList section */
		CE70A37B29D3213D00DEB45F /* Build configuration list for PBXProject "4Games" */ = {
			isa = XCConfigurationList;
			buildConfigurations = (
				CE70A39229D3213E00DEB45F /* Debug */,
				CE70A39329D3213E00DEB45F /* Release */,
			);
			defaultConfigurationIsVisible = 0;
			defaultConfigurationName = Release;
		};
		CE70A39429D3213E00DEB45F /* Build configuration list for PBXNativeTarget "4Games" */ = {
			isa = XCConfigurationList;
			buildConfigurations = (
				CE70A39529D3213E00DEB45F /* Debug */,
				CE70A39629D3213E00DEB45F /* Release */,
			);
			defaultConfigurationIsVisible = 0;
			defaultConfigurationName = Release;
		};
/* End XCConfigurationList section */

/* Begin XCVersionGroup section */
		CE70A38729D3213D00DEB45F /* SimpleGame.xcdatamodeld */ = {
			isa = XCVersionGroup;
			children = (
				CE70A38829D3213D00DEB45F /* SimpleGame.xcdatamodel */,
			);
			currentVersion = CE70A38829D3213D00DEB45F /* SimpleGame.xcdatamodel */;
			path = SimpleGame.xcdatamodeld;
			sourceTree = "<group>";
			versionGroupType = wrapper.xcdatamodel;
		};
/* End XCVersionGroup section */
	};
	rootObject = CE70A37829D3213D00DEB45F /* Project object */;
}
